
Microsoft Visual Studio Solution File, Format Version 12.00
# Visual Studio 15
VisualStudioVersion = 15.0.28307.705
MinimumVisualStudioVersion = 10.0.40219.1
Project("{FAE04EC0-301F-11D3-BF4B-00C04F79EFBC}") = "ForeachYVectores", "ForeachYVectores\ForeachYVectores.csproj", "{853C9079-13F9-4594-9796-B7AB974E4148}"
EndProject
Global
	GlobalSection(SolutionConfigurationPlatforms) = preSolution
		Debug|Any CPU = Debug|Any CPU
		Release|Any CPU = Release|Any CPU
	EndGlobalSection
	GlobalSection(ProjectConfigurationPlatforms) = postSolution
		{853C9079-13F9-4594-9796-B7AB974E4148}.Debug|Any CPU.ActiveCfg = Debug|Any CPU
		{853C9079-13F9-4594-9796-B7AB974E4148}.Debug|Any CPU.Build.0 = Debug|Any CPU
		{853C9079-13F9-4594-9796-B7AB974E4148}.Release|Any CPU.ActiveCfg = Release|Any CPU
		{853C9079-13F9-4594-9796-B7AB974E4148}.Release|Any CPU.Build.0 = Release|Any CPU
	EndGlobalSection
	GlobalSection(SolutionProperties) = preSolution
		HideSolutionNode = FALSE
	EndGlobalSection
	GlobalSection(ExtensibilityGlobals) = postSolution
		SolutionGuid = {11A22169-E366-4337-B172-D62CD99F450C}
	EndGlobalSection
EndGlobal
